
Microsoft Visual Studio Solution File, Format Version 12.00
# Visual Studio Version 17
VisualStudioVersion = 17.12.35728.132
MinimumVisualStudioVersion = 10.0.40219.1
Project("{FAE04EC0-301F-11D3-BF4B-00C04F79EFBC}") = "0104_ПР6", "0104_ПР6\0104_ПР6.csproj", "{021CB40F-CC15-4DDE-8D9A-4E7DA9BA3223}"
EndProject
Project("{FAE04EC0-301F-11D3-BF4B-00C04F79EFBC}") = "ПР6_2_12", "ПР6_2_12\ПР6_2_12.csproj", "{92D5BC6E-B46C-4F82-90E3-9AE13C65D7B0}"
EndProject
Project("{FAE04EC0-301F-11D3-BF4B-00C04F79EFBC}") = "ПР6_3_24", "ПР6_3_24\ПР6_3_24.csproj", "{3AFEC507-9683-4B95-A6EE-46AE5C9113DF}"
EndProject
Global
	GlobalSection(SolutionConfigurationPlatforms) = preSolution
		Debug|Any CPU = Debug|Any CPU
		Release|Any CPU = Release|Any CPU
	EndGlobalSection
	GlobalSection(ProjectConfigurationPlatforms) = postSolution
		{021CB40F-CC15-4DDE-8D9A-4E7DA9BA3223}.Debug|Any CPU.ActiveCfg = Debug|Any CPU
		{021CB40F-CC15-4DDE-8D9A-4E7DA9BA3223}.Debug|Any CPU.Build.0 = Debug|Any CPU
		{021CB40F-CC15-4DDE-8D9A-4E7DA9BA3223}.Release|Any CPU.ActiveCfg = Release|Any CPU
		{021CB40F-CC15-4DDE-8D9A-4E7DA9BA3223}.Release|Any CPU.Build.0 = Release|Any CPU
		{92D5BC6E-B46C-4F82-90E3-9AE13C65D7B0}.Debug|Any CPU.ActiveCfg = Debug|Any CPU
		{92D5BC6E-B46C-4F82-90E3-9AE13C65D7B0}.Debug|Any CPU.Build.0 = Debug|Any CPU
		{92D5BC6E-B46C-4F82-90E3-9AE13C65D7B0}.Release|Any CPU.ActiveCfg = Release|Any CPU
		{92D5BC6E-B46C-4F82-90E3-9AE13C65D7B0}.Release|Any CPU.Build.0 = Release|Any CPU
		{3AFEC507-9683-4B95-A6EE-46AE5C9113DF}.Debug|Any CPU.ActiveCfg = Debug|Any CPU
		{3AFEC507-9683-4B95-A6EE-46AE5C9113DF}.Debug|Any CPU.Build.0 = Debug|Any CPU
		{3AFEC507-9683-4B95-A6EE-46AE5C9113DF}.Release|Any CPU.ActiveCfg = Release|Any CPU
		{3AFEC507-9683-4B95-A6EE-46AE5C9113DF}.Release|Any CPU.Build.0 = Release|Any CPU
	EndGlobalSection
	GlobalSection(SolutionProperties) = preSolution
		HideSolutionNode = FALSE
	EndGlobalSection
EndGlobal
