
Microsoft Visual Studio Solution File, Format Version 12.00
# Visual Studio Version 17
VisualStudioVersion = 17.12.35728.132 d17.12
MinimumVisualStudioVersion = 10.0.40219.1
Project("{FAE04EC0-301F-11D3-BF4B-00C04F79EFBC}") = "0104_ПР8", "0104_ПР8\0104_ПР8.csproj", "{A6925C4E-262A-414D-96E7-2B4B8ED22C1B}"
EndProject
Project("{FAE04EC0-301F-11D3-BF4B-00C04F79EFBC}") = "ПР8_(2)", "ПР8_(2)\ПР8_(2).csproj", "{B6943BDF-4FC7-483D-ACE3-016C43671B0E}"
EndProject
Global
	GlobalSection(SolutionConfigurationPlatforms) = preSolution
		Debug|Any CPU = Debug|Any CPU
		Release|Any CPU = Release|Any CPU
	EndGlobalSection
	GlobalSection(ProjectConfigurationPlatforms) = postSolution
		{A6925C4E-262A-414D-96E7-2B4B8ED22C1B}.Debug|Any CPU.ActiveCfg = Debug|Any CPU
		{A6925C4E-262A-414D-96E7-2B4B8ED22C1B}.Debug|Any CPU.Build.0 = Debug|Any CPU
		{A6925C4E-262A-414D-96E7-2B4B8ED22C1B}.Release|Any CPU.ActiveCfg = Release|Any CPU
		{A6925C4E-262A-414D-96E7-2B4B8ED22C1B}.Release|Any CPU.Build.0 = Release|Any CPU
		{B6943BDF-4FC7-483D-ACE3-016C43671B0E}.Debug|Any CPU.ActiveCfg = Debug|Any CPU
		{B6943BDF-4FC7-483D-ACE3-016C43671B0E}.Debug|Any CPU.Build.0 = Debug|Any CPU
		{B6943BDF-4FC7-483D-ACE3-016C43671B0E}.Release|Any CPU.ActiveCfg = Release|Any CPU
		{B6943BDF-4FC7-483D-ACE3-016C43671B0E}.Release|Any CPU.Build.0 = Release|Any CPU
	EndGlobalSection
	GlobalSection(SolutionProperties) = preSolution
		HideSolutionNode = FALSE
	EndGlobalSection
EndGlobal
