
Microsoft Visual Studio Solution File, Format Version 12.00
# Visual Studio Version 17
VisualStudioVersion = 17.13.35806.99 d17.13
MinimumVisualStudioVersion = 10.0.40219.1
Project("{FAE04EC0-301F-11D3-BF4B-00C04F79EFBC}") = "ServerApp", "ServerApp\ServerApp.csproj", "{29176ADB-2BEF-4143-9378-583E7B4A8F62}"
EndProject
Project("{FAE04EC0-301F-11D3-BF4B-00C04F79EFBC}") = "ClientApp", "ClientApp\ClientApp.csproj", "{C1F983F1-B9FA-4F83-AFF7-0CA78DEFF0D1}"
EndProject
Global
	GlobalSection(SolutionConfigurationPlatforms) = preSolution
		Debug|Any CPU = Debug|Any CPU
		Release|Any CPU = Release|Any CPU
	EndGlobalSection
	GlobalSection(ProjectConfigurationPlatforms) = postSolution
		{29176ADB-2BEF-4143-9378-583E7B4A8F62}.Debug|Any CPU.ActiveCfg = Debug|Any CPU
		{29176ADB-2BEF-4143-9378-583E7B4A8F62}.Debug|Any CPU.Build.0 = Debug|Any CPU
		{29176ADB-2BEF-4143-9378-583E7B4A8F62}.Release|Any CPU.ActiveCfg = Release|Any CPU
		{29176ADB-2BEF-4143-9378-583E7B4A8F62}.Release|Any CPU.Build.0 = Release|Any CPU
		{C1F983F1-B9FA-4F83-AFF7-0CA78DEFF0D1}.Debug|Any CPU.ActiveCfg = Debug|Any CPU
		{C1F983F1-B9FA-4F83-AFF7-0CA78DEFF0D1}.Debug|Any CPU.Build.0 = Debug|Any CPU
		{C1F983F1-B9FA-4F83-AFF7-0CA78DEFF0D1}.Release|Any CPU.ActiveCfg = Release|Any CPU
		{C1F983F1-B9FA-4F83-AFF7-0CA78DEFF0D1}.Release|Any CPU.Build.0 = Release|Any CPU
	EndGlobalSection
	GlobalSection(SolutionProperties) = preSolution
		HideSolutionNode = FALSE
	EndGlobalSection
	GlobalSection(ExtensibilityGlobals) = postSolution
		SolutionGuid = {158D9849-547C-442C-873A-9B6F62696268}
	EndGlobalSection
EndGlobal
