
Microsoft Visual Studio Solution File, Format Version 12.00
# Visual Studio Version 17
VisualStudioVersion = 17.13.35825.156 d17.13
MinimumVisualStudioVersion = 10.0.40219.1
Project("{FAE04EC0-301F-11D3-BF4B-00C04F79EFBC}") = "PRRes", "PRRes\PRRes.csproj", "{C7C2D16E-A135-413E-80D2-4017BF3EACFA}"
EndProject
Project("{FAE04EC0-301F-11D3-BF4B-00C04F79EFBC}") = "DateNow", "DateNow\DateNow.csproj", "{3F3BDD0B-4A8E-49B8-9A9E-0DBCC0EEC7CC}"
EndProject
Global
	GlobalSection(SolutionConfigurationPlatforms) = preSolution
		Debug|Any CPU = Debug|Any CPU
		Release|Any CPU = Release|Any CPU
	EndGlobalSection
	GlobalSection(ProjectConfigurationPlatforms) = postSolution
		{C7C2D16E-A135-413E-80D2-4017BF3EACFA}.Debug|Any CPU.ActiveCfg = Debug|Any CPU
		{C7C2D16E-A135-413E-80D2-4017BF3EACFA}.Debug|Any CPU.Build.0 = Debug|Any CPU
		{C7C2D16E-A135-413E-80D2-4017BF3EACFA}.Release|Any CPU.ActiveCfg = Release|Any CPU
		{C7C2D16E-A135-413E-80D2-4017BF3EACFA}.Release|Any CPU.Build.0 = Release|Any CPU
		{3F3BDD0B-4A8E-49B8-9A9E-0DBCC0EEC7CC}.Debug|Any CPU.ActiveCfg = Debug|Any CPU
		{3F3BDD0B-4A8E-49B8-9A9E-0DBCC0EEC7CC}.Debug|Any CPU.Build.0 = Debug|Any CPU
		{3F3BDD0B-4A8E-49B8-9A9E-0DBCC0EEC7CC}.Release|Any CPU.ActiveCfg = Release|Any CPU
		{3F3BDD0B-4A8E-49B8-9A9E-0DBCC0EEC7CC}.Release|Any CPU.Build.0 = Release|Any CPU
	EndGlobalSection
	GlobalSection(SolutionProperties) = preSolution
		HideSolutionNode = FALSE
	EndGlobalSection
	GlobalSection(ExtensibilityGlobals) = postSolution
		SolutionGuid = {5F337B4C-FA0D-4202-8A98-28D48E765269}
	EndGlobalSection
EndGlobal
